
Microsoft Visual Studio Solution File, Format Version 12.00
# Visual Studio 15
VisualStudioVersion = 15.0.27130.2010
MinimumVisualStudioVersion = 10.0.40219.1
Project("{FAE04EC0-301F-11D3-BF4B-00C04F79EFBC}") = "ContactList", "ContactList\ContactList.csproj", "{9F0E4E29-678F-48FA-81A8-7599E16D7898}"
EndProject
Global
	GlobalSection(SolutionConfigurationPlatforms) = preSolution
		Debug|Any CPU = Debug|Any CPU
		Release|Any CPU = Release|Any CPU
	EndGlobalSection
	GlobalSection(ProjectConfigurationPlatforms) = postSolution
		{9F0E4E29-678F-48FA-81A8-7599E16D7898}.Debug|Any CPU.ActiveCfg = Debug|Any CPU
		{9F0E4E29-678F-48FA-81A8-7599E16D7898}.Debug|Any CPU.Build.0 = Debug|Any CPU
		{9F0E4E29-678F-48FA-81A8-7599E16D7898}.Release|Any CPU.ActiveCfg = Release|Any CPU
		{9F0E4E29-678F-48FA-81A8-7599E16D7898}.Release|Any CPU.Build.0 = Release|Any CPU
	EndGlobalSection
	GlobalSection(SolutionProperties) = preSolution
		HideSolutionNode = FALSE
	EndGlobalSection
	GlobalSection(ExtensibilityGlobals) = postSolution
		SolutionGuid = {1392492A-A0F8-4013-9F05-222D67DF9237}
	EndGlobalSection
EndGlobal
